
Microsoft Visual Studio Solution File, Format Version 12.00
# Visual Studio Version 17
VisualStudioVersion = 17.4.33103.184
MinimumVisualStudioVersion = 10.0.40219.1
Project("{9A19103F-16F7-4668-BE54-9A1E7A4F7556}") = "PharmaKursWork", "PharmaKursWork\PharmaKursWork.csproj", "{2AF55F3D-6160-411E-A2E8-EA4DC856A57B}"
EndProject
Global
	GlobalSection(SolutionConfigurationPlatforms) = preSolution
		Debug|Any CPU = Debug|Any CPU
		Release|Any CPU = Release|Any CPU
	EndGlobalSection
	GlobalSection(ProjectConfigurationPlatforms) = postSolution
		{2AF55F3D-6160-411E-A2E8-EA4DC856A57B}.Debug|Any CPU.ActiveCfg = Debug|Any CPU
		{2AF55F3D-6160-411E-A2E8-EA4DC856A57B}.Debug|Any CPU.Build.0 = Debug|Any CPU
		{2AF55F3D-6160-411E-A2E8-EA4DC856A57B}.Release|Any CPU.ActiveCfg = Release|Any CPU
		{2AF55F3D-6160-411E-A2E8-EA4DC856A57B}.Release|Any CPU.Build.0 = Release|Any CPU
	EndGlobalSection
	GlobalSection(SolutionProperties) = preSolution
		HideSolutionNode = FALSE
	EndGlobalSection
	GlobalSection(ExtensibilityGlobals) = postSolution
		SolutionGuid = {AD303752-7597-42C3-9949-7711EAEF8CBD}
	EndGlobalSection
EndGlobal
